// !$*UTF8*$!
{
	archiveVersion = 1;
	classes = {
	};
	objectVersion = 56;
	objects = {

/* Begin PBXBuildFile section */
		623C30A62A12A8A1007958DD /* segmentControl.swift in Sources */ = {isa = PBXBuildFile; fileRef = 623C30A52A12A8A1007958DD /* segmentControl.swift */; };
		623C30A82A12BBA3007958DD /* emotionsGrid.swift in Sources */ = {isa = PBXBuildFile; fileRef = 623C30A72A12BBA3007958DD /* emotionsGrid.swift */; };
		623C30AA2A12BCCA007958DD /* EmotionCard.swift in Sources */ = {isa = PBXBuildFile; fileRef = 623C30A92A12BCCA007958DD /* EmotionCard.swift */; };
		623C30AC2A12C3AA007958DD /* MainButton.swift in Sources */ = {isa = PBXBuildFile; fileRef = 623C30AB2A12C3AA007958DD /* MainButton.swift */; };
		623C30B02A13BB7A007958DD /* ListView.swift in Sources */ = {isa = PBXBuildFile; fileRef = 623C30AF2A13BB7A007958DD /* ListView.swift */; };
		623C30B22A13DF39007958DD /* ListRow.swift in Sources */ = {isa = PBXBuildFile; fileRef = 623C30B12A13DF39007958DD /* ListRow.swift */; };
		628998CF2A13F72D007D6010 /* Title.swift in Sources */ = {isa = PBXBuildFile; fileRef = 628998CE2A13F72D007D6010 /* Title.swift */; };
		628998D12A140F93007D6010 /* AddButton.swift in Sources */ = {isa = PBXBuildFile; fileRef = 628998D02A140F93007D6010 /* AddButton.swift */; };
		628998D32A1540FD007D6010 /* TextInput.swift in Sources */ = {isa = PBXBuildFile; fileRef = 628998D22A1540FD007D6010 /* TextInput.swift */; };
		628998D52A154414007D6010 /* LargeTextInput.swift in Sources */ = {isa = PBXBuildFile; fileRef = 628998D42A154414007D6010 /* LargeTextInput.swift */; };
		628998D72A156FEB007D6010 /* formulario.swift in Sources */ = {isa = PBXBuildFile; fileRef = 628998D62A156FEB007D6010 /* formulario.swift */; };
		628998D92A166ED4007D6010 /* DetailedItem.swift in Sources */ = {isa = PBXBuildFile; fileRef = 628998D82A166ED4007D6010 /* DetailedItem.swift */; };
		628998DB2A168E40007D6010 /* DetiledCard.swift in Sources */ = {isa = PBXBuildFile; fileRef = 628998DA2A168E40007D6010 /* DetiledCard.swift */; };
		62D407062A0EC7850096FB76 /* clientModel.swift in Sources */ = {isa = PBXBuildFile; fileRef = 62D407052A0EC7850096FB76 /* clientModel.swift */; };
		62D407082A0ED0290096FB76 /* transactionModalView.swift in Sources */ = {isa = PBXBuildFile; fileRef = 62D407072A0ED0290096FB76 /* transactionModalView.swift */; };
		62D4070E2A1124570096FB76 /* CategoryCard.swift in Sources */ = {isa = PBXBuildFile; fileRef = 62D4070D2A1124570096FB76 /* CategoryCard.swift */; };
		62D407112A1135060096FB76 /* categoryCardGridView.swift in Sources */ = {isa = PBXBuildFile; fileRef = 62D407102A1135060096FB76 /* categoryCardGridView.swift */; };
		62D407152A126D820096FB76 /* LargeTitle.swift in Sources */ = {isa = PBXBuildFile; fileRef = 62D407142A126D820096FB76 /* LargeTitle.swift */; };
		62D407172A126F9B0096FB76 /* SubHeadline.swift in Sources */ = {isa = PBXBuildFile; fileRef = 62D407162A126F9B0096FB76 /* SubHeadline.swift */; };
		62E994B32A0EBEEF00BF5098 /* PocketBalanceApp.swift in Sources */ = {isa = PBXBuildFile; fileRef = 62E994B22A0EBEEF00BF5098 /* PocketBalanceApp.swift */; };
		62E994B52A0EBEEF00BF5098 /* ContentView.swift in Sources */ = {isa = PBXBuildFile; fileRef = 62E994B42A0EBEEF00BF5098 /* ContentView.swift */; };
		62E994B72A0EBEF000BF5098 /* Assets.xcassets in Resources */ = {isa = PBXBuildFile; fileRef = 62E994B62A0EBEF000BF5098 /* Assets.xcassets */; };
		62E994BA2A0EBEF000BF5098 /* Preview Assets.xcassets in Resources */ = {isa = PBXBuildFile; fileRef = 62E994B92A0EBEF000BF5098 /* Preview Assets.xcassets */; };
		62E994C22A0EC06300BF5098 /* transactionModel.swift in Sources */ = {isa = PBXBuildFile; fileRef = 62E994C12A0EC06300BF5098 /* transactionModel.swift */; };
		62F575872A196B090068A579 /* EdittransactionView.swift in Sources */ = {isa = PBXBuildFile; fileRef = 62F575862A196B090068A579 /* EdittransactionView.swift */; };
		62F575892A19B03C0068A579 /* ChartViews.swift in Sources */ = {isa = PBXBuildFile; fileRef = 62F575882A19B03C0068A579 /* ChartViews.swift */; };
		62F5758B2A19B1240068A579 /* PieChart.swift in Sources */ = {isa = PBXBuildFile; fileRef = 62F5758A2A19B1240068A579 /* PieChart.swift */; };
		62F5758D2A1B9FC10068A579 /* BarChartCategory.swift in Sources */ = {isa = PBXBuildFile; fileRef = 62F5758C2A1B9FC10068A579 /* BarChartCategory.swift */; };
		62F575912A1E3BCB0068A579 /* CategoryChartControl.swift in Sources */ = {isa = PBXBuildFile; fileRef = 62F575902A1E3BCB0068A579 /* CategoryChartControl.swift */; };
		62F575952A1F949B0068A579 /* BarChartEmotions.swift in Sources */ = {isa = PBXBuildFile; fileRef = 62F575942A1F949B0068A579 /* BarChartEmotions.swift */; };
		62F575972A1FCF6B0068A579 /* EmotionCharStats.swift in Sources */ = {isa = PBXBuildFile; fileRef = 62F575962A1FCF6B0068A579 /* EmotionCharStats.swift */; };
/* End PBXBuildFile section */

/* Begin PBXFileReference section */
		623C30A52A12A8A1007958DD /* segmentControl.swift */ = {isa = PBXFileReference; lastKnownFileType = sourcecode.swift; path = segmentControl.swift; sourceTree = "<group>"; };
		623C30A72A12BBA3007958DD /* emotionsGrid.swift */ = {isa = PBXFileReference; lastKnownFileType = sourcecode.swift; path = emotionsGrid.swift; sourceTree = "<group>"; };
		623C30A92A12BCCA007958DD /* EmotionCard.swift */ = {isa = PBXFileReference; lastKnownFileType = sourcecode.swift; path = EmotionCard.swift; sourceTree = "<group>"; };
		623C30AB2A12C3AA007958DD /* MainButton.swift */ = {isa = PBXFileReference; lastKnownFileType = sourcecode.swift; path = MainButton.swift; sourceTree = "<group>"; };
		623C30AF2A13BB7A007958DD /* ListView.swift */ = {isa = PBXFileReference; lastKnownFileType = sourcecode.swift; path = ListView.swift; sourceTree = "<group>"; };
		623C30B12A13DF39007958DD /* ListRow.swift */ = {isa = PBXFileReference; lastKnownFileType = sourcecode.swift; path = ListRow.swift; sourceTree = "<group>"; };
		628998CE2A13F72D007D6010 /* Title.swift */ = {isa = PBXFileReference; lastKnownFileType = sourcecode.swift; path = Title.swift; sourceTree = "<group>"; };
		628998D02A140F93007D6010 /* AddButton.swift */ = {isa = PBXFileReference; lastKnownFileType = sourcecode.swift; path = AddButton.swift; sourceTree = "<group>"; };
		628998D22A1540FD007D6010 /* TextInput.swift */ = {isa = PBXFileReference; lastKnownFileType = sourcecode.swift; path = TextInput.swift; sourceTree = "<group>"; };
		628998D42A154414007D6010 /* LargeTextInput.swift */ = {isa = PBXFileReference; lastKnownFileType = sourcecode.swift; path = LargeTextInput.swift; sourceTree = "<group>"; };
		628998D62A156FEB007D6010 /* formulario.swift */ = {isa = PBXFileReference; lastKnownFileType = sourcecode.swift; path = formulario.swift; sourceTree = "<group>"; };
		628998D82A166ED4007D6010 /* DetailedItem.swift */ = {isa = PBXFileReference; lastKnownFileType = sourcecode.swift; path = DetailedItem.swift; sourceTree = "<group>"; };
		628998DA2A168E40007D6010 /* DetiledCard.swift */ = {isa = PBXFileReference; lastKnownFileType = sourcecode.swift; path = DetiledCard.swift; sourceTree = "<group>"; };
		62D407052A0EC7850096FB76 /* clientModel.swift */ = {isa = PBXFileReference; lastKnownFileType = sourcecode.swift; path = clientModel.swift; sourceTree = "<group>"; };
		62D407072A0ED0290096FB76 /* transactionModalView.swift */ = {isa = PBXFileReference; lastKnownFileType = sourcecode.swift; path = transactionModalView.swift; sourceTree = "<group>"; };
		62D4070D2A1124570096FB76 /* CategoryCard.swift */ = {isa = PBXFileReference; lastKnownFileType = sourcecode.swift; path = CategoryCard.swift; sourceTree = "<group>"; };
		62D407102A1135060096FB76 /* categoryCardGridView.swift */ = {isa = PBXFileReference; lastKnownFileType = sourcecode.swift; path = categoryCardGridView.swift; sourceTree = "<group>"; };
		62D407142A126D820096FB76 /* LargeTitle.swift */ = {isa = PBXFileReference; lastKnownFileType = sourcecode.swift; path = LargeTitle.swift; sourceTree = "<group>"; };
		62D407162A126F9B0096FB76 /* SubHeadline.swift */ = {isa = PBXFileReference; lastKnownFileType = sourcecode.swift; path = SubHeadline.swift; sourceTree = "<group>"; };
		62E994AF2A0EBEEF00BF5098 /* PocketBalance.app */ = {isa = PBXFileReference; explicitFileType = wrapper.application; includeInIndex = 0; path = PocketBalance.app; sourceTree = BUILT_PRODUCTS_DIR; };
		62E994B22A0EBEEF00BF5098 /* PocketBalanceApp.swift */ = {isa = PBXFileReference; lastKnownFileType = sourcecode.swift; path = PocketBalanceApp.swift; sourceTree = "<group>"; };
		62E994B42A0EBEEF00BF5098 /* ContentView.swift */ = {isa = PBXFileReference; lastKnownFileType = sourcecode.swift; path = ContentView.swift; sourceTree = "<group>"; };
		62E994B62A0EBEF000BF5098 /* Assets.xcassets */ = {isa = PBXFileReference; lastKnownFileType = folder.assetcatalog; path = Assets.xcassets; sourceTree = "<group>"; };
		62E994B92A0EBEF000BF5098 /* Preview Assets.xcassets */ = {isa = PBXFileReference; lastKnownFileType = folder.assetcatalog; path = "Preview Assets.xcassets"; sourceTree = "<group>"; };
		62E994C12A0EC06300BF5098 /* transactionModel.swift */ = {isa = PBXFileReference; lastKnownFileType = sourcecode.swift; path = transactionModel.swift; sourceTree = "<group>"; };
		62F575862A196B090068A579 /* EdittransactionView.swift */ = {isa = PBXFileReference; lastKnownFileType = sourcecode.swift; path = EdittransactionView.swift; sourceTree = "<group>"; };
		62F575882A19B03C0068A579 /* ChartViews.swift */ = {isa = PBXFileReference; lastKnownFileType = sourcecode.swift; path = ChartViews.swift; sourceTree = "<group>"; };
		62F5758A2A19B1240068A579 /* PieChart.swift */ = {isa = PBXFileReference; lastKnownFileType = sourcecode.swift; path = PieChart.swift; sourceTree = "<group>"; };
		62F5758C2A1B9FC10068A579 /* BarChartCategory.swift */ = {isa = PBXFileReference; lastKnownFileType = sourcecode.swift; path = BarChartCategory.swift; sourceTree = "<group>"; };
		62F575902A1E3BCB0068A579 /* CategoryChartControl.swift */ = {isa = PBXFileReference; lastKnownFileType = sourcecode.swift; path = CategoryChartControl.swift; sourceTree = "<group>"; };
		62F575932A1EA85F0068A579 /* MyPlayground.playground */ = {isa = PBXFileReference; lastKnownFileType = file.playground; path = MyPlayground.playground; sourceTree = "<group>"; xcLanguageSpecificationIdentifier = xcode.lang.swift; };
		62F575942A1F949B0068A579 /* BarChartEmotions.swift */ = {isa = PBXFileReference; lastKnownFileType = sourcecode.swift; path = BarChartEmotions.swift; sourceTree = "<group>"; };
		62F575962A1FCF6B0068A579 /* EmotionCharStats.swift */ = {isa = PBXFileReference; lastKnownFileType = sourcecode.swift; path = EmotionCharStats.swift; sourceTree = "<group>"; };
/* End PBXFileReference section */

/* Begin PBXFrameworksBuildPhase section */
		62E994AC2A0EBEEF00BF5098 /* Frameworks */ = {
			isa = PBXFrameworksBuildPhase;
			buildActionMask = 2147483647;
			files = (
			);
			runOnlyForDeploymentPostprocessing = 0;
		};
/* End PBXFrameworksBuildPhase section */

/* Begin PBXGroup section */
		62D4070C2A1124450096FB76 /* Components */ = {
			isa = PBXGroup;
			children = (
				62D4070D2A1124570096FB76 /* CategoryCard.swift */,
				62D407142A126D820096FB76 /* LargeTitle.swift */,
				62D407162A126F9B0096FB76 /* SubHeadline.swift */,
				623C30A52A12A8A1007958DD /* segmentControl.swift */,
				623C30A92A12BCCA007958DD /* EmotionCard.swift */,
				623C30AB2A12C3AA007958DD /* MainButton.swift */,
				623C30B12A13DF39007958DD /* ListRow.swift */,
				628998CE2A13F72D007D6010 /* Title.swift */,
				628998D02A140F93007D6010 /* AddButton.swift */,
				628998D22A1540FD007D6010 /* TextInput.swift */,
				62F575932A1EA85F0068A579 /* MyPlayground.playground */,
				628998D42A154414007D6010 /* LargeTextInput.swift */,
				628998DA2A168E40007D6010 /* DetiledCard.swift */,
				62F5758A2A19B1240068A579 /* PieChart.swift */,
				62F5758C2A1B9FC10068A579 /* BarChartCategory.swift */,
				62F575902A1E3BCB0068A579 /* CategoryChartControl.swift */,
				62F575942A1F949B0068A579 /* BarChartEmotions.swift */,
				62F575962A1FCF6B0068A579 /* EmotionCharStats.swift */,
			);
			path = Components;
			sourceTree = "<group>";
		};
		62D4070F2A112BAE0096FB76 /* Views */ = {
			isa = PBXGroup;
			children = (
				62D407072A0ED0290096FB76 /* transactionModalView.swift */,
				62D407102A1135060096FB76 /* categoryCardGridView.swift */,
				623C30A72A12BBA3007958DD /* emotionsGrid.swift */,
				62E994B42A0EBEEF00BF5098 /* ContentView.swift */,
				623C30AF2A13BB7A007958DD /* ListView.swift */,
				628998D82A166ED4007D6010 /* DetailedItem.swift */,
				628998D62A156FEB007D6010 /* formulario.swift */,
				62F575862A196B090068A579 /* EdittransactionView.swift */,
				62F575882A19B03C0068A579 /* ChartViews.swift */,
			);
			path = Views;
			sourceTree = "<group>";
		};
		62E994A62A0EBEEF00BF5098 = {
			isa = PBXGroup;
			children = (
				62E994B12A0EBEEF00BF5098 /* PocketBalance */,
				62E994B02A0EBEEF00BF5098 /* Products */,
			);
			sourceTree = "<group>";
		};
		62E994B02A0EBEEF00BF5098 /* Products */ = {
			isa = PBXGroup;
			children = (
				62E994AF2A0EBEEF00BF5098 /* PocketBalance.app */,
			);
			name = Products;
			sourceTree = "<group>";
		};
		62E994B12A0EBEEF00BF5098 /* PocketBalance */ = {
			isa = PBXGroup;
			children = (
				62D4070F2A112BAE0096FB76 /* Views */,
				62D4070C2A1124450096FB76 /* Components */,
				62E994C02A0EC03800BF5098 /* Models */,
				62E994B22A0EBEEF00BF5098 /* PocketBalanceApp.swift */,
				62E994B62A0EBEF000BF5098 /* Assets.xcassets */,
				62E994B82A0EBEF000BF5098 /* Preview Content */,
			);
			path = PocketBalance;
			sourceTree = "<group>";
		};
		62E994B82A0EBEF000BF5098 /* Preview Content */ = {
			isa = PBXGroup;
			children = (
				62E994B92A0EBEF000BF5098 /* Preview Assets.xcassets */,
			);
			path = "Preview Content";
			sourceTree = "<group>";
		};
		62E994C02A0EC03800BF5098 /* Models */ = {
			isa = PBXGroup;
			children = (
				62E994C12A0EC06300BF5098 /* transactionModel.swift */,
				62D407052A0EC7850096FB76 /* clientModel.swift */,
			);
			path = Models;
			sourceTree = "<group>";
		};
/* End PBXGroup section */

/* Begin PBXNativeTarget section */
		62E994AE2A0EBEEF00BF5098 /* PocketBalance */ = {
			isa = PBXNativeTarget;
			buildConfigurationList = 62E994BD2A0EBEF000BF5098 /* Build configuration list for PBXNativeTarget "PocketBalance" */;
			buildPhases = (
				62E994AB2A0EBEEF00BF5098 /* Sources */,
				62E994AC2A0EBEEF00BF5098 /* Frameworks */,
				62E994AD2A0EBEEF00BF5098 /* Resources */,
			);
			buildRules = (
			);
			dependencies = (
			);
			name = PocketBalance;
			productName = PocketBalance;
			productReference = 62E994AF2A0EBEEF00BF5098 /* PocketBalance.app */;
			productType = "com.apple.product-type.application";
		};
/* End PBXNativeTarget section */

/* Begin PBXProject section */
		62E994A72A0EBEEF00BF5098 /* Project object */ = {
			isa = PBXProject;
			attributes = {
				BuildIndependentTargetsInParallel = 1;
				LastSwiftUpdateCheck = 1430;
				LastUpgradeCheck = 1430;
				TargetAttributes = {
					62E994AE2A0EBEEF00BF5098 = {
						CreatedOnToolsVersion = 14.3;
					};
				};
			};
			buildConfigurationList = 62E994AA2A0EBEEF00BF5098 /* Build configuration list for PBXProject "PocketBalance" */;
			compatibilityVersion = "Xcode 14.0";
			developmentRegion = en;
			hasScannedForEncodings = 0;
			knownRegions = (
				en,
				Base,
			);
			mainGroup = 62E994A62A0EBEEF00BF5098;
			productRefGroup = 62E994B02A0EBEEF00BF5098 /* Products */;
			projectDirPath = "";
			projectRoot = "";
			targets = (
				62E994AE2A0EBEEF00BF5098 /* PocketBalance */,
			);
		};
/* End PBXProject section */

/* Begin PBXResourcesBuildPhase section */
		62E994AD2A0EBEEF00BF5098 /* Resources */ = {
			isa = PBXResourcesBuildPhase;
			buildActionMask = 2147483647;
			files = (
				62E994BA2A0EBEF000BF5098 /* Preview Assets.xcassets in Resources */,
				62E994B72A0EBEF000BF5098 /* Assets.xcassets in Resources */,
			);
			runOnlyForDeploymentPostprocessing = 0;
		};
/* End PBXResourcesBuildPhase section */

/* Begin PBXSourcesBuildPhase section */
		62E994AB2A0EBEEF00BF5098 /* Sources */ = {
			isa = PBXSourcesBuildPhase;
			buildActionMask = 2147483647;
			files = (
				62D407062A0EC7850096FB76 /* clientModel.swift in Sources */,
				623C30AA2A12BCCA007958DD /* EmotionCard.swift in Sources */,
				62D407172A126F9B0096FB76 /* SubHeadline.swift in Sources */,
				62D407082A0ED0290096FB76 /* transactionModalView.swift in Sources */,
				62D407112A1135060096FB76 /* categoryCardGridView.swift in Sources */,
				628998DB2A168E40007D6010 /* DetiledCard.swift in Sources */,
				62F575912A1E3BCB0068A579 /* CategoryChartControl.swift in Sources */,
				628998D32A1540FD007D6010 /* TextInput.swift in Sources */,
				62E994C22A0EC06300BF5098 /* transactionModel.swift in Sources */,
				62D4070E2A1124570096FB76 /* CategoryCard.swift in Sources */,
				62F5758B2A19B1240068A579 /* PieChart.swift in Sources */,
				623C30A82A12BBA3007958DD /* emotionsGrid.swift in Sources */,
				628998D52A154414007D6010 /* LargeTextInput.swift in Sources */,
				62F575972A1FCF6B0068A579 /* EmotionCharStats.swift in Sources */,
				62F575892A19B03C0068A579 /* ChartViews.swift in Sources */,
				628998CF2A13F72D007D6010 /* Title.swift in Sources */,
				628998D92A166ED4007D6010 /* DetailedItem.swift in Sources */,
				62D407152A126D820096FB76 /* LargeTitle.swift in Sources */,
				62E994B52A0EBEEF00BF5098 /* ContentView.swift in Sources */,
				62F575952A1F949B0068A579 /* BarChartEmotions.swift in Sources */,
				623C30B02A13BB7A007958DD /* ListView.swift in Sources */,
				628998D12A140F93007D6010 /* AddButton.swift in Sources */,
				62E994B32A0EBEEF00BF5098 /* PocketBalanceApp.swift in Sources */,
				62F5758D2A1B9FC10068A579 /* BarChartCategory.swift in Sources */,
				623C30AC2A12C3AA007958DD /* MainButton.swift in Sources */,
				628998D72A156FEB007D6010 /* formulario.swift in Sources */,
				623C30A62A12A8A1007958DD /* segmentControl.swift in Sources */,
				623C30B22A13DF39007958DD /* ListRow.swift in Sources */,
				62F575872A196B090068A579 /* EdittransactionView.swift in Sources */,
			);
			runOnlyForDeploymentPostprocessing = 0;
		};
/* End PBXSourcesBuildPhase section */

/* Begin XCBuildConfiguration section */
		62E994BB2A0EBEF000BF5098 /* Debug */ = {
			isa = XCBuildConfiguration;
			buildSettings = {
				ALWAYS_SEARCH_USER_PATHS = NO;
				CLANG_ANALYZER_NONNULL = YES;
				CLANG_ANALYZER_NUMBER_OBJECT_CONVERSION = YES_AGGRESSIVE;
				CLANG_CXX_LANGUAGE_STANDARD = "gnu++20";
				CLANG_ENABLE_MODULES = YES;
				CLANG_ENABLE_OBJC_ARC = YES;
				CLANG_ENABLE_OBJC_WEAK = YES;
				CLANG_WARN_BLOCK_CAPTURE_AUTORELEASING = YES;
				CLANG_WARN_BOOL_CONVERSION = YES;
				CLANG_WARN_COMMA = YES;
				CLANG_WARN_CONSTANT_CONVERSION = YES;
				CLANG_WARN_DEPRECATED_OBJC_IMPLEMENTATIONS = YES;
				CLANG_WARN_DIRECT_OBJC_ISA_USAGE = YES_ERROR;
				CLANG_WARN_DOCUMENTATION_COMMENTS = YES;
				CLANG_WARN_EMPTY_BODY = YES;
				CLANG_WARN_ENUM_CONVERSION = YES;
				CLANG_WARN_INFINITE_RECURSION = YES;
				CLANG_WARN_INT_CONVERSION = YES;
				CLANG_WARN_NON_LITERAL_NULL_CONVERSION = YES;
				CLANG_WARN_OBJC_IMPLICIT_RETAIN_SELF = YES;
				CLANG_WARN_OBJC_LITERAL_CONVERSION = YES;
				CLANG_WARN_OBJC_ROOT_CLASS = YES_ERROR;
				CLANG_WARN_QUOTED_INCLUDE_IN_FRAMEWORK_HEADER = YES;
				CLANG_WARN_RANGE_LOOP_ANALYSIS = YES;
				CLANG_WARN_STRICT_PROTOTYPES = YES;
				CLANG_WARN_SUSPICIOUS_MOVE = YES;
				CLANG_WARN_UNGUARDED_AVAILABILITY = YES_AGGRESSIVE;
				CLANG_WARN_UNREACHABLE_CODE = YES;
				CLANG_WARN__DUPLICATE_METHOD_MATCH = YES;
				COPY_PHASE_STRIP = NO;
				DEBUG_INFORMATION_FORMAT = dwarf;
				ENABLE_STRICT_OBJC_MSGSEND = YES;
				ENABLE_TESTABILITY = YES;
				GCC_C_LANGUAGE_STANDARD = gnu11;
				GCC_DYNAMIC_NO_PIC = NO;
				GCC_NO_COMMON_BLOCKS = YES;
				GCC_OPTIMIZATION_LEVEL = 0;
				GCC_PREPROCESSOR_DEFINITIONS = (
					"DEBUG=1",
					"$(inherited)",
				);
				GCC_WARN_64_TO_32_BIT_CONVERSION = YES;
				GCC_WARN_ABOUT_RETURN_TYPE = YES_ERROR;
				GCC_WARN_UNDECLARED_SELECTOR = YES;
				GCC_WARN_UNINITIALIZED_AUTOS = YES_AGGRESSIVE;
				GCC_WARN_UNUSED_FUNCTION = YES;
				GCC_WARN_UNUSED_VARIABLE = YES;
				IPHONEOS_DEPLOYMENT_TARGET = 16.4;
				MTL_ENABLE_DEBUG_INFO = INCLUDE_SOURCE;
				MTL_FAST_MATH = YES;
				ONLY_ACTIVE_ARCH = YES;
				SDKROOT = iphoneos;
				SWIFT_ACTIVE_COMPILATION_CONDITIONS = DEBUG;
				SWIFT_OPTIMIZATION_LEVEL = "-Onone";
			};
			name = Debug;
		};
		62E994BC2A0EBEF000BF5098 /* Release */ = {
			isa = XCBuildConfiguration;
			buildSettings = {
				ALWAYS_SEARCH_USER_PATHS = NO;
				CLANG_ANALYZER_NONNULL = YES;
				CLANG_ANALYZER_NUMBER_OBJECT_CONVERSION = YES_AGGRESSIVE;
				CLANG_CXX_LANGUAGE_STANDARD = "gnu++20";
				CLANG_ENABLE_MODULES = YES;
				CLANG_ENABLE_OBJC_ARC = YES;
				CLANG_ENABLE_OBJC_WEAK = YES;
				CLANG_WARN_BLOCK_CAPTURE_AUTORELEASING = YES;
				CLANG_WARN_BOOL_CONVERSION = YES;
				CLANG_WARN_COMMA = YES;
				CLANG_WARN_CONSTANT_CONVERSION = YES;
				CLANG_WARN_DEPRECATED_OBJC_IMPLEMENTATIONS = YES;
				CLANG_WARN_DIRECT_OBJC_ISA_USAGE = YES_ERROR;
				CLANG_WARN_DOCUMENTATION_COMMENTS = YES;
				CLANG_WARN_EMPTY_BODY = YES;
				CLANG_WARN_ENUM_CONVERSION = YES;
				CLANG_WARN_INFINITE_RECURSION = YES;
				CLANG_WARN_INT_CONVERSION = YES;
				CLANG_WARN_NON_LITERAL_NULL_CONVERSION = YES;
				CLANG_WARN_OBJC_IMPLICIT_RETAIN_SELF = YES;
				CLANG_WARN_OBJC_LITERAL_CONVERSION = YES;
				CLANG_WARN_OBJC_ROOT_CLASS = YES_ERROR;
				CLANG_WARN_QUOTED_INCLUDE_IN_FRAMEWORK_HEADER = YES;
				CLANG_WARN_RANGE_LOOP_ANALYSIS = YES;
				CLANG_WARN_STRICT_PROTOTYPES = YES;
				CLANG_WARN_SUSPICIOUS_MOVE = YES;
				CLANG_WARN_UNGUARDED_AVAILABILITY = YES_AGGRESSIVE;
				CLANG_WARN_UNREACHABLE_CODE = YES;
				CLANG_WARN__DUPLICATE_METHOD_MATCH = YES;
				COPY_PHASE_STRIP = NO;
				DEBUG_INFORMATION_FORMAT = "dwarf-with-dsym";
				ENABLE_NS_ASSERTIONS = NO;
				ENABLE_STRICT_OBJC_MSGSEND = YES;
				GCC_C_LANGUAGE_STANDARD = gnu11;
				GCC_NO_COMMON_BLOCKS = YES;
				GCC_WARN_64_TO_32_BIT_CONVERSION = YES;
				GCC_WARN_ABOUT_RETURN_TYPE = YES_ERROR;
				GCC_WARN_UNDECLARED_SELECTOR = YES;
				GCC_WARN_UNINITIALIZED_AUTOS = YES_AGGRESSIVE;
				GCC_WARN_UNUSED_FUNCTION = YES;
				GCC_WARN_UNUSED_VARIABLE = YES;
				IPHONEOS_DEPLOYMENT_TARGET = 16.4;
				MTL_ENABLE_DEBUG_INFO = NO;
				MTL_FAST_MATH = YES;
				SDKROOT = iphoneos;
				SWIFT_COMPILATION_MODE = wholemodule;
				SWIFT_OPTIMIZATION_LEVEL = "-O";
				VALIDATE_PRODUCT = YES;
			};
			name = Release;
		};
		62E994BE2A0EBEF000BF5098 /* Debug */ = {
			isa = XCBuildConfiguration;
			buildSettings = {
				ASSETCATALOG_COMPILER_APPICON_NAME = AppIcon;
				ASSETCATALOG_COMPILER_GLOBAL_ACCENT_COLOR_NAME = AccentColor;
				CODE_SIGN_STYLE = Automatic;
				CURRENT_PROJECT_VERSION = 1;
				DEVELOPMENT_ASSET_PATHS = "\"PocketBalance/Preview Content\"";
				DEVELOPMENT_TEAM = H6ULSPHHN4;
				ENABLE_PREVIEWS = YES;
				GENERATE_INFOPLIST_FILE = YES;
				INFOPLIST_KEY_UIApplicationSceneManifest_Generation = YES;
				INFOPLIST_KEY_UIApplicationSupportsIndirectInputEvents = YES;
				INFOPLIST_KEY_UILaunchScreen_Generation = YES;
				INFOPLIST_KEY_UISupportedInterfaceOrientations_iPad = "UIInterfaceOrientationPortrait UIInterfaceOrientationPortraitUpsideDown UIInterfaceOrientationLandscapeLeft UIInterfaceOrientationLandscapeRight";
				INFOPLIST_KEY_UISupportedInterfaceOrientations_iPhone = "UIInterfaceOrientationPortrait UIInterfaceOrientationLandscapeLeft UIInterfaceOrientationLandscapeRight";
				LD_RUNPATH_SEARCH_PATHS = (
					"$(inherited)",
					"@executable_path/Frameworks",
				);
				MARKETING_VERSION = 1.0;
				PRODUCT_BUNDLE_IDENTIFIER = "The-Nopera.PocketBalance";
				PRODUCT_NAME = "$(TARGET_NAME)";
				SWIFT_EMIT_LOC_STRINGS = YES;
				SWIFT_VERSION = 5.0;
				TARGETED_DEVICE_FAMILY = "1,2";
			};
			name = Debug;
		};
		62E994BF2A0EBEF000BF5098 /* Release */ = {
			isa = XCBuildConfiguration;
			buildSettings = {
				ASSETCATALOG_COMPILER_APPICON_NAME = AppIcon;
				ASSETCATALOG_COMPILER_GLOBAL_ACCENT_COLOR_NAME = AccentColor;
				CODE_SIGN_STYLE = Automatic;
				CURRENT_PROJECT_VERSION = 1;
				DEVELOPMENT_ASSET_PATHS = "\"PocketBalance/Preview Content\"";
				DEVELOPMENT_TEAM = H6ULSPHHN4;
				ENABLE_PREVIEWS = YES;
				GENERATE_INFOPLIST_FILE = YES;
				INFOPLIST_KEY_UIApplicationSceneManifest_Generation = YES;
				INFOPLIST_KEY_UIApplicationSupportsIndirectInputEvents = YES;
				INFOPLIST_KEY_UILaunchScreen_Generation = YES;
				INFOPLIST_KEY_UISupportedInterfaceOrientations_iPad = "UIInterfaceOrientationPortrait UIInterfaceOrientationPortraitUpsideDown UIInterfaceOrientationLandscapeLeft UIInterfaceOrientationLandscapeRight";
				INFOPLIST_KEY_UISupportedInterfaceOrientations_iPhone = "UIInterfaceOrientationPortrait UIInterfaceOrientationLandscapeLeft UIInterfaceOrientationLandscapeRight";
				LD_RUNPATH_SEARCH_PATHS = (
					"$(inherited)",
					"@executable_path/Frameworks",
				);
				MARKETING_VERSION = 1.0;
				PRODUCT_BUNDLE_IDENTIFIER = "The-Nopera.PocketBalance";
				PRODUCT_NAME = "$(TARGET_NAME)";
				SWIFT_EMIT_LOC_STRINGS = YES;
				SWIFT_VERSION = 5.0;
				TARGETED_DEVICE_FAMILY = "1,2";
			};
			name = Release;
		};
/* End XCBuildConfiguration section */

/* Begin XCConfigurationList section */
		62E994AA2A0EBEEF00BF5098 /* Build configuration list for PBXProject "PocketBalance" */ = {
			isa = XCConfigurationList;
			buildConfigurations = (
				62E994BB2A0EBEF000BF5098 /* Debug */,
				62E994BC2A0EBEF000BF5098 /* Release */,
			);
			defaultConfigurationIsVisible = 0;
			defaultConfigurationName = Release;
		};
		62E994BD2A0EBEF000BF5098 /* Build configuration list for PBXNativeTarget "PocketBalance" */ = {
			isa = XCConfigurationList;
			buildConfigurations = (
				62E994BE2A0EBEF000BF5098 /* Debug */,
				62E994BF2A0EBEF000BF5098 /* Release */,
			);
			defaultConfigurationIsVisible = 0;
			defaultConfigurationName = Release;
		};
/* End XCConfigurationList section */
	};
	rootObject = 62E994A72A0EBEEF00BF5098 /* Project object */;
}
